{
  "version": 4,
  "terraform_version": "1.5.7",
  "serial": 21,
  "lineage": "380756fd-83c4-68fa-80ec-e59ae57427a8",
  "outputs": {},
  "resources": [
    {
      "mode": "managed",
      "type": "google_container_cluster",
      "name": "primary",
      "provider": "provider[\"registry.terraform.io/hashicorp/google\"]",
      "instances": [
        {
          "schema_version": 2,
          "attributes": {
            "addons_config": [
              {
                "cloudrun_config": [],
                "config_connector_config": [],
                "dns_cache_config": [
                  {
                    "enabled": true
                  }
                ],
                "gce_persistent_disk_csi_driver_config": [
                  {
                    "enabled": true
                  }
                ],
                "gcp_filestore_csi_driver_config": [],
                "gcs_fuse_csi_driver_config": [],
                "gke_backup_agent_config": [],
                "horizontal_pod_autoscaling": [],
                "http_load_balancing": [],
                "network_policy_config": [
                  {
                    "disabled": true
                  }
                ],
                "ray_operator_config": [],
                "stateful_ha_config": []
              }
            ],
            "allow_net_admin": null,
            "authenticator_groups_config": [],
            "binary_authorization": [
              {
                "enabled": false,
                "evaluation_mode": ""
              }
            ],
            "cluster_autoscaling": [
              {
                "auto_provisioning_defaults": [],
                "auto_provisioning_locations": [],
                "autoscaling_profile": "BALANCED",
                "enabled": false,
                "resource_limits": []
              }
            ],
            "cluster_ipv4_cidr": "10.64.0.0/14",
            "confidential_nodes": [],
            "cost_management_config": [],
            "database_encryption": [
              {
                "key_name": "",
                "state": "DECRYPTED"
              }
            ],
            "datapath_provider": "",
            "default_max_pods_per_node": 110,
            "default_snat_status": [
              {
                "disabled": false
              }
            ],
            "deletion_protection": false,
            "description": "",
            "dns_config": [],
            "enable_autopilot": false,
            "enable_cilium_clusterwide_network_policy": false,
            "enable_intranode_visibility": false,
            "enable_k8s_beta_apis": [],
            "enable_kubernetes_alpha": false,
            "enable_l4_ilb_subsetting": false,
            "enable_legacy_abac": false,
            "enable_multi_networking": false,
            "enable_shielded_nodes": true,
            "enable_tpu": false,
            "endpoint": "34.14.193.194",
            "fleet": [],
            "gateway_api_config": [],
            "id": "projects/project-bc7a0df3-c037-4d41-86a/locations/asia-south1-a/clusters/devops-gke-cluster",
            "identity_service_config": [],
            "initial_node_count": 1,
            "ip_allocation_policy": [
              {
                "additional_pod_ranges_config": [],
                "cluster_ipv4_cidr_block": "10.64.0.0/14",
                "cluster_secondary_range_name": "gke-devops-gke-cluster-pods-be5ed49e",
                "pod_cidr_overprovision_config": [
                  {
                    "disabled": false
                  }
                ],
                "services_ipv4_cidr_block": "34.118.224.0/20",
                "services_secondary_range_name": "",
                "stack_type": "IPV4"
              }
            ],
            "label_fingerprint": "a9dc16a7",
            "location": "asia-south1-a",
            "logging_config": [
              {
                "enable_components": [
                  "SYSTEM_COMPONENTS",
                  "WORKLOADS"
                ]
              }
            ],
            "logging_service": "logging.googleapis.com/kubernetes",
            "maintenance_policy": [],
            "master_auth": [
              {
                "client_certificate": "",
                "client_certificate_config": [
                  {
                    "issue_client_certificate": false
                  }
                ],
                "client_key": "",
                "cluster_ca_certificate": "LS0tLS1CRUdJTiBDRVJUSUZJQ0FURS0tLS0tCk1JSUVMRENDQXBTZ0F3SUJBZ0lRVThXNEd6Y1ZSNU43bnZJYjhSVnlqVEFOQmdrcWhraUc5dzBCQVFzRkFEQXYKTVMwd0t3WURWUVFERXlSbE1UWm1NR1poWVMxa01qUmtMVFJqWmpZdE9UUmlOQzFrWldWaE1qZGtaVEJqTkRRdwpJQmNOTWpZd05URTRNVEExTVRFeldoZ1BNakExTmpBMU1UQXhNVFV4TVROYU1DOHhMVEFyQmdOVkJBTVRKR1V4Ck5tWXdabUZoTFdReU5HUXROR05tTmkwNU5HSTBMV1JsWldFeU4yUmxNR00wTkRDQ0FhSXdEUVlKS29aSWh2Y04KQVFFQkJRQURnZ0dQQURDQ0FZb0NnZ0dCQUxSR2xLL0s2emF6UCs2dEZRdS9hT1k2cGp5dXJLWUJUL1Q5U0hMRwpxWUNmQ1A2KzZzSXM5SHZwWlU4dE8zVm1zOGRLMlc0b2h1TG12ekZqRFp0Ny81Vk5wa1B3OGUyNVFqVFVjTHpsCjZZOU9QR0tEYm85eUxnTGgyazNPSjV6YmlYeVcrbVNRZnNWbWlaeVhIU2l2M1c1RWNaMHNiL0FtYlZoNjJZc0YKMHJlU1FNekhjQjN3eHFkQlZBaEFFeXBGWUY2QzBlTXN2RHVBcnhsTmd6ejR2QkNXVXlHdG83WitMeEQ2RytzawphVHJZdzIwOEJycnV2QnlyWFJ1Ny9rRFhPNVF5TlExb2dJK0NTaG51SXQxZWFBWGE1M1I1MDc3eW9TSkExYXVwCklWcE41bVhrcDRoV3pEUDdyaVdYMWhzVWEvTU41RGUxblc5SjhPMkwrd3RleEFFQXZFSU1DckN5dmI2aEVlWlYKV1lBb1NZM3FJbjJnWWVMTjNGS0JWMElRamttQms2RkZPT0ZOZFZZZWd1NFB3NDc3NE5xYTdTaEdxeW5VQkxmYwp0RCswNnh5KzRSRU5jVi9CWmxXMXNIV0k1c3JPUm5wc1Z0TlV2ZFU3Y2tzSUxuR3A5V2VwOFRCeVRlOHR2b3RZCmJVK1IvWkRXYXQ5ZGR4MVFZVm5kYVFIUm93SURBUUFCbzBJd1FEQU9CZ05WSFE4QkFmOEVCQU1DQWdRd0R3WUQKVlIwVEFRSC9CQVV3QXdFQi96QWRCZ05WSFE0RUZnUVVSODd5WUlTcGJNNmZLa2c3RFlkWW92Q25IOFF3RFFZSgpLb1pJaHZjTkFRRUxCUUFEZ2dHQkFLZ1ZwYWo1cktDSjN4d2labTc0ZCs2NnZ0YWNCN2Fhb1Q3bXY1RDN4QUxQCjkzQnAyb2dtOGoyRytXTmJoanBLSkQ1eGdrdEQwSGhDUlJQN3JFMy9DRlpNK3VZL1RwVEx0V0cvTXQzbkV3Wm0KYWo2NTFScnB2MTBPTUxveTBycHhoZ0FwMDhONFQ1ZGRTVUpNQjBsS3prVmFsNi9nSWZ3NG9Rd2MxZGhFMWE0WQpuK3Y5ZjdSVnhkV01wdHBJeDBBV3pCQmx4elBYNmF1ZlJvRjIrbmU4WjBOV1dsZDJqcUNJS1pFcVBPVEp1cGp3CjJiUlBwaDVQRitSb1hWditBVkFrR3FaSisrT0UxbDc1R3hlY0FXbXhmb3Y0RFQzemFqSGhMNEdBaURqNFFNT0cKNVNRM3NQZzRnVnpSUE41SnRiemdMbEZva3hxQWdYdU9tRlhRQVhKN3B2ZE5KMTFmenZGNVRKenVaMHBRZFJUZwoxb1NwSVpoKzl0SHorR0lYOHFGdHpvV0xENlF6ckVSbGZSZnl5NjljQWdmMDlJdWF5cm5Md3Y2M0xZYnFMQ0VmCm1RTlc2VWQ5S2pCV3lXZzJsTnVWWE9zcDMrWHUyTktCQ3gxWnZDRXFXZmhrNkJTMnZjQ2g1cXp6b0NaQ3J0N3YKRW5aaGdVK1VLbmhkS1dQNFdCcFhDUT09Ci0tLS0tRU5EIENFUlRJRklDQVRFLS0tLS0K"
              }
            ],
            "master_authorized_networks_config": [],
            "master_version": "1.35.3-gke.1389000",
            "mesh_certificates": [],
            "min_master_version": null,
            "monitoring_config": [
              {
                "advanced_datapath_observability_config": [
                  {
                    "enable_metrics": false,
                    "enable_relay": false,
                    "relay_mode": "DISABLED"
                  }
                ],
                "enable_components": [
                  "SYSTEM_COMPONENTS",
                  "STORAGE",
                  "HPA",
                  "POD",
                  "DAEMONSET",
                  "DEPLOYMENT",
                  "STATEFULSET",
                  "CADVISOR",
                  "KUBELET",
                  "DCGM",
                  "JOBSET"
                ],
                "managed_prometheus": [
                  {
                    "enabled": true
                  }
                ]
              }
            ],
            "monitoring_service": "monitoring.googleapis.com/kubernetes",
            "name": "devops-gke-cluster",
            "network": "projects/project-bc7a0df3-c037-4d41-86a/global/networks/default",
            "network_policy": [
              {
                "enabled": false,
                "provider": "PROVIDER_UNSPECIFIED"
              }
            ],
            "networking_mode": "VPC_NATIVE",
            "node_config": [],
            "node_locations": [],
            "node_pool": [],
            "node_pool_auto_config": [
              {
                "network_tags": [],
                "node_kubelet_config": [
                  {
                    "insecure_kubelet_readonly_port_enabled": "FALSE"
                  }
                ],
                "resource_manager_tags": {}
              }
            ],
            "node_pool_defaults": [
              {
                "node_config_defaults": [
                  {
                    "containerd_config": [],
                    "insecure_kubelet_readonly_port_enabled": "FALSE",
                    "logging_variant": "DEFAULT"
                  }
                ]
              }
            ],
            "node_version": "1.35.3-gke.1389000",
            "notification_config": [
              {
                "pubsub": [
                  {
                    "enabled": false,
                    "filter": [],
                    "topic": ""
                  }
                ]
              }
            ],
            "operation": null,
            "private_cluster_config": [
              {
                "enable_private_endpoint": false,
                "enable_private_nodes": false,
                "master_global_access_config": [
                  {
                    "enabled": false
                  }
                ],
                "master_ipv4_cidr_block": "",
                "peering_name": "",
                "private_endpoint": "10.160.0.22",
                "private_endpoint_subnetwork": "",
                "public_endpoint": "34.14.193.194"
              }
            ],
            "private_ipv6_google_access": "",
            "project": "project-bc7a0df3-c037-4d41-86a",
            "release_channel": [
              {
                "channel": "REGULAR"
              }
            ],
            "remove_default_node_pool": true,
            "resource_labels": null,
            "resource_usage_export_config": [],
            "security_posture_config": [
              {
                "mode": "BASIC",
                "vulnerability_mode": "VULNERABILITY_MODE_UNSPECIFIED"
              }
            ],
            "self_link": "https://container.googleapis.com/v1/projects/project-bc7a0df3-c037-4d41-86a/zones/asia-south1-a/clusters/devops-gke-cluster",
            "service_external_ips_config": [
              {
                "enabled": false
              }
            ],
            "services_ipv4_cidr": "34.118.224.0/20",
            "subnetwork": "projects/project-bc7a0df3-c037-4d41-86a/regions/asia-south1/subnetworks/default",
            "timeouts": null,
            "tpu_ipv4_cidr_block": "",
            "vertical_pod_autoscaling": [],
            "workload_identity_config": []
          },
          "sensitive_attributes": [],
          "private": "eyJlMmJmYjczMC1lY2FhLTExZTYtOGY4OC0zNDM2M2JjN2M0YzAiOnsiY3JlYXRlIjoyNDAwMDAwMDAwMDAwLCJkZWxldGUiOjI0MDAwMDAwMDAwMDAsInJlYWQiOjI0MDAwMDAwMDAwMDAsInVwZGF0ZSI6MzYwMDAwMDAwMDAwMH0sInNjaGVtYV92ZXJzaW9uIjoiMiJ9"
        }
      ]
    },
    {
      "mode": "managed",
      "type": "google_container_node_pool",
      "name": "primary_nodes",
      "provider": "provider[\"registry.terraform.io/hashicorp/google\"]",
      "instances": [
        {
          "schema_version": 1,
          "attributes": {
            "autoscaling": [],
            "cluster": "devops-gke-cluster",
            "id": "projects/project-bc7a0df3-c037-4d41-86a/locations/asia-south1-a/clusters/devops-gke-cluster/nodePools/devops-node-pool",
            "initial_node_count": 1,
            "instance_group_urls": [
              "https://www.googleapis.com/compute/v1/projects/project-bc7a0df3-c037-4d41-86a/zones/asia-south1-a/instanceGroupManagers/gke-devops-gke-clust-devops-node-pool-eea2fe66-grp"
            ],
            "location": "asia-south1-a",
            "managed_instance_group_urls": [
              "https://www.googleapis.com/compute/v1/projects/project-bc7a0df3-c037-4d41-86a/zones/asia-south1-a/instanceGroups/gke-devops-gke-clust-devops-node-pool-eea2fe66-grp"
            ],
            "management": [
              {
                "auto_repair": true,
                "auto_upgrade": true
              }
            ],
            "max_pods_per_node": 110,
            "name": "devops-node-pool",
            "name_prefix": "",
            "network_config": [
              {
                "additional_node_network_configs": [],
                "additional_pod_network_configs": [],
                "create_pod_range": false,
                "enable_private_nodes": false,
                "network_performance_config": [],
                "pod_cidr_overprovision_config": [],
                "pod_ipv4_cidr_block": "10.64.0.0/14",
                "pod_range": "gke-devops-gke-cluster-pods-be5ed49e"
              }
            ],
            "node_config": [
              {
                "advanced_machine_features": [],
                "boot_disk_kms_key": "",
                "confidential_nodes": [],
                "containerd_config": [],
                "disk_size_gb": 30,
                "disk_type": "pd-standard",
                "effective_taints": [],
                "enable_confidential_storage": false,
                "ephemeral_storage_local_ssd_config": [],
                "fast_socket": [],
                "gcfs_config": [],
                "guest_accelerator": [],
                "gvnic": [],
                "host_maintenance_policy": [],
                "image_type": "COS_CONTAINERD",
                "kubelet_config": [
                  {
                    "cpu_cfs_quota": false,
                    "cpu_cfs_quota_period": "",
                    "cpu_manager_policy": "",
                    "insecure_kubelet_readonly_port_enabled": "FALSE",
                    "pod_pids_limit": 0
                  }
                ],
                "labels": {},
                "linux_node_config": [],
                "local_nvme_ssd_block_config": [],
                "local_ssd_count": 0,
                "logging_variant": "DEFAULT",
                "machine_type": "e2-small",
                "metadata": {
                  "disable-legacy-endpoints": "true"
                },
                "min_cpu_platform": "",
                "node_group": "",
                "oauth_scopes": [
                  "https://www.googleapis.com/auth/cloud-platform"
                ],
                "preemptible": false,
                "reservation_affinity": [],
                "resource_labels": {
                  "goog-gke-node-pool-provisioning-model": "on-demand"
                },
                "resource_manager_tags": null,
                "secondary_boot_disks": [],
                "service_account": "default",
                "shielded_instance_config": [
                  {
                    "enable_integrity_monitoring": true,
                    "enable_secure_boot": false
                  }
                ],
                "sole_tenant_config": [],
                "spot": false,
                "tags": null,
                "taint": [],
                "workload_metadata_config": []
              }
            ],
            "node_count": 1,
            "node_locations": [
              "asia-south1-a"
            ],
            "operation": null,
            "placement_policy": [],
            "project": "project-bc7a0df3-c037-4d41-86a",
            "queued_provisioning": [],
            "timeouts": null,
            "upgrade_settings": [
              {
                "blue_green_settings": [],
                "max_surge": 1,
                "max_unavailable": 0,
                "strategy": "SURGE"
              }
            ],
            "version": "1.35.3-gke.1389000"
          },
          "sensitive_attributes": [],
          "private": "eyJlMmJmYjczMC1lY2FhLTExZTYtOGY4OC0zNDM2M2JjN2M0YzAiOnsiY3JlYXRlIjoxODAwMDAwMDAwMDAwLCJkZWxldGUiOjE4MDAwMDAwMDAwMDAsInVwZGF0ZSI6MTgwMDAwMDAwMDAwMH0sInNjaGVtYV92ZXJzaW9uIjoiMSJ9",
          "dependencies": [
            "google_container_cluster.primary"
          ]
        }
      ]
    }
  ],
  "check_results": null
}
