{
  "version": 4,
  "terraform_version": "1.5.7",
  "serial": 14,
  "lineage": "380756fd-83c4-68fa-80ec-e59ae57427a8",
  "outputs": {},
  "resources": [
    {
      "mode": "managed",
      "type": "google_container_cluster",
      "name": "primary",
      "provider": "provider[\"registry.terraform.io/hashicorp/google\"]",
      "instances": [
        {
          "schema_version": 2,
          "attributes": {
            "addons_config": [
              {
                "cloudrun_config": [],
                "config_connector_config": [],
                "dns_cache_config": [
                  {
                    "enabled": true
                  }
                ],
                "gce_persistent_disk_csi_driver_config": [
                  {
                    "enabled": true
                  }
                ],
                "gcp_filestore_csi_driver_config": [],
                "gcs_fuse_csi_driver_config": [],
                "gke_backup_agent_config": [],
                "horizontal_pod_autoscaling": [],
                "http_load_balancing": [],
                "network_policy_config": [
                  {
                    "disabled": true
                  }
                ],
                "ray_operator_config": [],
                "stateful_ha_config": []
              }
            ],
            "allow_net_admin": null,
            "authenticator_groups_config": [],
            "binary_authorization": [
              {
                "enabled": false,
                "evaluation_mode": ""
              }
            ],
            "cluster_autoscaling": [
              {
                "auto_provisioning_defaults": [],
                "auto_provisioning_locations": [],
                "autoscaling_profile": "BALANCED",
                "enabled": false,
                "resource_limits": []
              }
            ],
            "cluster_ipv4_cidr": "10.108.0.0/14",
            "confidential_nodes": [],
            "cost_management_config": [],
            "database_encryption": [
              {
                "key_name": "",
                "state": "DECRYPTED"
              }
            ],
            "datapath_provider": "",
            "default_max_pods_per_node": 110,
            "default_snat_status": [
              {
                "disabled": false
              }
            ],
            "deletion_protection": false,
            "description": "",
            "dns_config": [],
            "enable_autopilot": false,
            "enable_cilium_clusterwide_network_policy": false,
            "enable_intranode_visibility": false,
            "enable_k8s_beta_apis": [],
            "enable_kubernetes_alpha": false,
            "enable_l4_ilb_subsetting": false,
            "enable_legacy_abac": false,
            "enable_multi_networking": false,
            "enable_shielded_nodes": true,
            "enable_tpu": false,
            "endpoint": "34.47.216.224",
            "fleet": [],
            "gateway_api_config": [],
            "id": "projects/project-bc7a0df3-c037-4d41-86a/locations/asia-south1-a/clusters/devops-gke-cluster",
            "identity_service_config": [],
            "initial_node_count": 1,
            "ip_allocation_policy": [
              {
                "additional_pod_ranges_config": [],
                "cluster_ipv4_cidr_block": "10.108.0.0/14",
                "cluster_secondary_range_name": "gke-devops-gke-cluster-pods-aeff24ab",
                "pod_cidr_overprovision_config": [
                  {
                    "disabled": false
                  }
                ],
                "services_ipv4_cidr_block": "34.118.224.0/20",
                "services_secondary_range_name": "",
                "stack_type": "IPV4"
              }
            ],
            "label_fingerprint": "a9dc16a7",
            "location": "asia-south1-a",
            "logging_config": [
              {
                "enable_components": [
                  "SYSTEM_COMPONENTS",
                  "WORKLOADS"
                ]
              }
            ],
            "logging_service": "logging.googleapis.com/kubernetes",
            "maintenance_policy": [],
            "master_auth": [
              {
                "client_certificate": "",
                "client_certificate_config": [
                  {
                    "issue_client_certificate": false
                  }
                ],
                "client_key": "",
                "cluster_ca_certificate": "LS0tLS1CRUdJTiBDRVJUSUZJQ0FURS0tLS0tCk1JSUVMVENDQXBXZ0F3SUJBZ0lSQUpZaTlRWkhQQk5IdUN4RXFGNy9TVGd3RFFZSktvWklodmNOQVFFTEJRQXcKTHpFdE1Dc0dBMVVFQXhNa1lXUTRPRFUxTlRRdFl6TTVOUzAwT0dVekxUbGhPVFl0TVRFd09EVXdOVGRoWm1VNQpNQ0FYRFRJMk1EVXhPREV3TWpnd09Gb1lEekl3TlRZd05URXdNVEV5T0RBNFdqQXZNUzB3S3dZRFZRUURFeVJoClpEZzROVFUxTkMxak16azFMVFE0WlRNdE9XRTVOaTB4TVRBNE5UQTFOMkZtWlRrd2dnR2lNQTBHQ1NxR1NJYjMKRFFFQkFRVUFBNElCandBd2dnR0tBb0lCZ1FEVmo4Qkh0aFpqd0hLdlBPM3NtUjdNdXpHSU4zazFKalg1R240YgozcnVBMFdtMGkyMmYxTTcxcHRhbUN2aW5YT01Jc2lkZXBOUDhlZVh6OUtUNDBKbGpVYXBsOVBBbkV0QTVxcWhZCmRGU0RaV3FpQjJtVUI0VE41R0g5OTRla0R0MllHMlpnQTlYNVpyL3Q3ZnRvU3diSFBJS244UU5xQWQ3dXVoSVQKSEdWR3E0Smk3N3pEZXB1bmpRV29IVWNmOHRrSWZHVzc4bWZwcHBMQmtGaFF6THFPa1gzL053b1JDSDJuNXNQTQpEaTd1NlNvKzZkWGFvK1Yvc2N5dFg3QldwaENpU0pZYno0OGl5Yno5Y0dmbXA3aE14ZTU2ckNWYUJwUTlLNlNOClV6eTlhbWRFUi9taDVmcEVLMzhmNG1ET3RqRjBWZUpTUUljdTFqbVNKcnRLY2FTQlh2V1R6L3JlVGRQOXJPK1kKMlAzUkErOTI1NWE4T0d2RjNxeXhrZHJXOEZrajJPNy81NEdFNFc0T0FGVHRrSzR3VXVUNlQwaFIxM25NMk5UOQp3a3V2aldNL3lnUE1UL1ZWZEZnVlhnN0NaVCtSSUt4Q1lsVGg3UDJmbzdONFlUNmhUY0I2ZS8wb2hRa1NRcFRUCm85UTRrVlNTcURwT25pekZ5SVpRMUdiMHpma0NBd0VBQWFOQ01FQXdEZ1lEVlIwUEFRSC9CQVFEQWdJRU1BOEcKQTFVZEV3RUIvd1FGTUFNQkFmOHdIUVlEVlIwT0JCWUVGQTNCUWpuaFl1VDRhbWwxelFNeUtGbnI1T1pLTUEwRwpDU3FHU0liM0RRRUJDd1VBQTRJQmdRREtpdTJoaHJIUDdnNEFtVHBuczBnZ3VRVW9Rd1c1L0FxWWRZdlg2b0VQCjJMM1NFb28zVEw1OXg2dHpYUVpzZVVtZVhBL3dGREJ4d2V2Qzlzemk1VTdjdkNmdGpqOHpLOEV6SzQyWFJ5RUIKSExHTG1WVStMVHJRRExjWWpCcWwxV2k0UXRBcE5WbGRFZjh4RGNqUlh6di9vY2lyY0FleHZmZGVZczR5SWUzeQp5Ty9wMkNDZGJSUjdBUmRTdGV0YlRmc2lLTE1DOHVSUnZwbG1aV1YrZ0htQ3BlcnJTMEpEUGM4UzZBcHU0cXY1CnZSbkk5UUlwTEI3aHZvT0VHcCswMnhXVnIwbEd2a0ZBU1lqTnNlc0VGc1RaWkgvam1SOFIxL2x1a2kyVHlFdXAKVVRyOC9iNmV0Tm1Jd3Z3UHRpVjZ6c1FxSjM3WmtyaU1UdHkvNmNqeVNqSFpFVE11d2NqOXkyL1JHNDdYUmJLRApKRFByUWNDUklrS3JuOGRLMXJweHh6eXI4eWt2NmtsSTdQd0JTdUJlMnJzVXNWbThMam03NGdXSHZ1aTBHNnlRCmNla0tkWFhWWVllTjNGNG5UMnlnR0JNejFpanJWb2ZwalRKUVp5cktHeGhxZnYyMEgzNUd0VWFzZ0dJeDAzMzEKVmVleXlwUVhTTlphSWxwRzZpRkY2bTg9Ci0tLS0tRU5EIENFUlRJRklDQVRFLS0tLS0K"
              }
            ],
            "master_authorized_networks_config": [],
            "master_version": "1.35.3-gke.1389000",
            "mesh_certificates": [],
            "min_master_version": null,
            "monitoring_config": [
              {
                "advanced_datapath_observability_config": [
                  {
                    "enable_metrics": false,
                    "enable_relay": false,
                    "relay_mode": "DISABLED"
                  }
                ],
                "enable_components": [
                  "SYSTEM_COMPONENTS",
                  "STORAGE",
                  "HPA",
                  "POD",
                  "DAEMONSET",
                  "DEPLOYMENT",
                  "STATEFULSET",
                  "CADVISOR",
                  "KUBELET",
                  "DCGM",
                  "JOBSET"
                ],
                "managed_prometheus": [
                  {
                    "enabled": true
                  }
                ]
              }
            ],
            "monitoring_service": "monitoring.googleapis.com/kubernetes",
            "name": "devops-gke-cluster",
            "network": "projects/project-bc7a0df3-c037-4d41-86a/global/networks/default",
            "network_policy": [
              {
                "enabled": false,
                "provider": "PROVIDER_UNSPECIFIED"
              }
            ],
            "networking_mode": "VPC_NATIVE",
            "node_config": [],
            "node_locations": [],
            "node_pool": [],
            "node_pool_auto_config": [
              {
                "network_tags": [],
                "node_kubelet_config": [
                  {
                    "insecure_kubelet_readonly_port_enabled": "FALSE"
                  }
                ],
                "resource_manager_tags": {}
              }
            ],
            "node_pool_defaults": [
              {
                "node_config_defaults": [
                  {
                    "containerd_config": [],
                    "insecure_kubelet_readonly_port_enabled": "FALSE",
                    "logging_variant": "DEFAULT"
                  }
                ]
              }
            ],
            "node_version": "1.35.3-gke.1389000",
            "notification_config": [
              {
                "pubsub": [
                  {
                    "enabled": false,
                    "filter": [],
                    "topic": ""
                  }
                ]
              }
            ],
            "operation": null,
            "private_cluster_config": [
              {
                "enable_private_endpoint": false,
                "enable_private_nodes": false,
                "master_global_access_config": [
                  {
                    "enabled": false
                  }
                ],
                "master_ipv4_cidr_block": "",
                "peering_name": "",
                "private_endpoint": "10.160.0.20",
                "private_endpoint_subnetwork": "",
                "public_endpoint": "34.47.216.224"
              }
            ],
            "private_ipv6_google_access": "",
            "project": "project-bc7a0df3-c037-4d41-86a",
            "release_channel": [
              {
                "channel": "REGULAR"
              }
            ],
            "remove_default_node_pool": true,
            "resource_labels": null,
            "resource_usage_export_config": [],
            "security_posture_config": [
              {
                "mode": "BASIC",
                "vulnerability_mode": "VULNERABILITY_MODE_UNSPECIFIED"
              }
            ],
            "self_link": "https://container.googleapis.com/v1/projects/project-bc7a0df3-c037-4d41-86a/zones/asia-south1-a/clusters/devops-gke-cluster",
            "service_external_ips_config": [
              {
                "enabled": false
              }
            ],
            "services_ipv4_cidr": "34.118.224.0/20",
            "subnetwork": "projects/project-bc7a0df3-c037-4d41-86a/regions/asia-south1/subnetworks/default",
            "timeouts": null,
            "tpu_ipv4_cidr_block": "",
            "vertical_pod_autoscaling": [],
            "workload_identity_config": []
          },
          "sensitive_attributes": [],
          "private": "eyJlMmJmYjczMC1lY2FhLTExZTYtOGY4OC0zNDM2M2JjN2M0YzAiOnsiY3JlYXRlIjoyNDAwMDAwMDAwMDAwLCJkZWxldGUiOjI0MDAwMDAwMDAwMDAsInJlYWQiOjI0MDAwMDAwMDAwMDAsInVwZGF0ZSI6MzYwMDAwMDAwMDAwMH0sInNjaGVtYV92ZXJzaW9uIjoiMiJ9"
        }
      ]
    },
    {
      "mode": "managed",
      "type": "google_container_node_pool",
      "name": "primary_nodes",
      "provider": "provider[\"registry.terraform.io/hashicorp/google\"]",
      "instances": [
        {
          "status": "tainted",
          "schema_version": 1,
          "attributes": {
            "autoscaling": [],
            "cluster": "devops-gke-cluster",
            "id": "projects/project-bc7a0df3-c037-4d41-86a/locations/asia-south1-a/clusters/devops-gke-cluster/nodePools/devops-node-pool",
            "initial_node_count": 1,
            "instance_group_urls": [],
            "location": "asia-south1-a",
            "managed_instance_group_urls": [],
            "management": [
              {
                "auto_repair": true,
                "auto_upgrade": true
              }
            ],
            "max_pods_per_node": 110,
            "name": "devops-node-pool",
            "name_prefix": "",
            "network_config": [
              {
                "additional_node_network_configs": [],
                "additional_pod_network_configs": [],
                "create_pod_range": false,
                "enable_private_nodes": false,
                "network_performance_config": [],
                "pod_cidr_overprovision_config": [],
                "pod_ipv4_cidr_block": "10.108.0.0/14",
                "pod_range": "gke-devops-gke-cluster-pods-aeff24ab"
              }
            ],
            "node_config": [
              {
                "advanced_machine_features": [],
                "boot_disk_kms_key": "",
                "confidential_nodes": [],
                "containerd_config": [],
                "disk_size_gb": 10,
                "disk_type": "pd-standard",
                "effective_taints": [],
                "enable_confidential_storage": false,
                "ephemeral_storage_local_ssd_config": [],
                "fast_socket": [],
                "gcfs_config": [],
                "guest_accelerator": [],
                "gvnic": [],
                "host_maintenance_policy": [],
                "image_type": "COS_CONTAINERD",
                "kubelet_config": [
                  {
                    "cpu_cfs_quota": false,
                    "cpu_cfs_quota_period": "",
                    "cpu_manager_policy": "",
                    "insecure_kubelet_readonly_port_enabled": "FALSE",
                    "pod_pids_limit": 0
                  }
                ],
                "labels": {},
                "linux_node_config": [],
                "local_nvme_ssd_block_config": [],
                "local_ssd_count": 0,
                "logging_variant": "DEFAULT",
                "machine_type": "e2-small",
                "metadata": {
                  "disable-legacy-endpoints": "true"
                },
                "min_cpu_platform": "",
                "node_group": "",
                "oauth_scopes": [
                  "https://www.googleapis.com/auth/cloud-platform"
                ],
                "preemptible": false,
                "reservation_affinity": [],
                "resource_labels": {
                  "goog-gke-node-pool-provisioning-model": "on-demand"
                },
                "resource_manager_tags": null,
                "secondary_boot_disks": [],
                "service_account": "default",
                "shielded_instance_config": [
                  {
                    "enable_integrity_monitoring": true,
                    "enable_secure_boot": false
                  }
                ],
                "sole_tenant_config": [],
                "spot": false,
                "tags": null,
                "taint": [],
                "workload_metadata_config": []
              }
            ],
            "node_count": 0,
            "node_locations": [
              "asia-south1-a"
            ],
            "operation": null,
            "placement_policy": [],
            "project": "project-bc7a0df3-c037-4d41-86a",
            "queued_provisioning": [],
            "timeouts": null,
            "upgrade_settings": [
              {
                "blue_green_settings": [],
                "max_surge": 1,
                "max_unavailable": 0,
                "strategy": "SURGE"
              }
            ],
            "version": "1.35.3-gke.1389000"
          },
          "sensitive_attributes": [],
          "private": "eyJlMmJmYjczMC1lY2FhLTExZTYtOGY4OC0zNDM2M2JjN2M0YzAiOnsiY3JlYXRlIjoxODAwMDAwMDAwMDAwLCJkZWxldGUiOjE4MDAwMDAwMDAwMDAsInVwZGF0ZSI6MTgwMDAwMDAwMDAwMH0sInNjaGVtYV92ZXJzaW9uIjoiMSJ9",
          "dependencies": [
            "google_container_cluster.primary"
          ]
        }
      ]
    }
  ],
  "check_results": null
}
