{
  "version": 4,
  "terraform_version": "1.5.7",
  "serial": 7,
  "lineage": "380756fd-83c4-68fa-80ec-e59ae57427a8",
  "outputs": {},
  "resources": [
    {
      "mode": "managed",
      "type": "google_container_cluster",
      "name": "primary",
      "provider": "provider[\"registry.terraform.io/hashicorp/google\"]",
      "instances": [
        {
          "status": "tainted",
          "schema_version": 2,
          "attributes": {
            "addons_config": [
              {
                "cloudrun_config": [],
                "config_connector_config": [],
                "dns_cache_config": [
                  {
                    "enabled": true
                  }
                ],
                "gce_persistent_disk_csi_driver_config": [
                  {
                    "enabled": true
                  }
                ],
                "gcp_filestore_csi_driver_config": [],
                "gcs_fuse_csi_driver_config": [],
                "gke_backup_agent_config": [],
                "horizontal_pod_autoscaling": [],
                "http_load_balancing": [],
                "network_policy_config": [
                  {
                    "disabled": true
                  }
                ],
                "ray_operator_config": [],
                "stateful_ha_config": []
              }
            ],
            "allow_net_admin": null,
            "authenticator_groups_config": [],
            "binary_authorization": [
              {
                "enabled": false,
                "evaluation_mode": ""
              }
            ],
            "cluster_autoscaling": [
              {
                "auto_provisioning_defaults": [],
                "auto_provisioning_locations": [],
                "autoscaling_profile": "BALANCED",
                "enabled": false,
                "resource_limits": []
              }
            ],
            "cluster_ipv4_cidr": "10.20.0.0/14",
            "confidential_nodes": [],
            "cost_management_config": [],
            "database_encryption": [
              {
                "key_name": "",
                "state": "DECRYPTED"
              }
            ],
            "datapath_provider": "",
            "default_max_pods_per_node": 110,
            "default_snat_status": [
              {
                "disabled": false
              }
            ],
            "deletion_protection": true,
            "description": "",
            "dns_config": [],
            "enable_autopilot": false,
            "enable_cilium_clusterwide_network_policy": false,
            "enable_intranode_visibility": false,
            "enable_k8s_beta_apis": [],
            "enable_kubernetes_alpha": false,
            "enable_l4_ilb_subsetting": false,
            "enable_legacy_abac": false,
            "enable_multi_networking": false,
            "enable_shielded_nodes": true,
            "enable_tpu": false,
            "endpoint": "34.14.142.218",
            "fleet": [],
            "gateway_api_config": [],
            "id": "projects/project-bc7a0df3-c037-4d41-86a/locations/asia-south1/clusters/devops-gke-cluster",
            "identity_service_config": [],
            "initial_node_count": 1,
            "ip_allocation_policy": [
              {
                "additional_pod_ranges_config": [],
                "cluster_ipv4_cidr_block": "10.20.0.0/14",
                "cluster_secondary_range_name": "gke-devops-gke-cluster-pods-44fabc9a",
                "pod_cidr_overprovision_config": [
                  {
                    "disabled": false
                  }
                ],
                "services_ipv4_cidr_block": "34.118.224.0/20",
                "services_secondary_range_name": "",
                "stack_type": "IPV4"
              }
            ],
            "label_fingerprint": "a9dc16a7",
            "location": "asia-south1",
            "logging_config": [
              {
                "enable_components": [
                  "SYSTEM_COMPONENTS",
                  "WORKLOADS"
                ]
              }
            ],
            "logging_service": "logging.googleapis.com/kubernetes",
            "maintenance_policy": [],
            "master_auth": [
              {
                "client_certificate": "",
                "client_certificate_config": [
                  {
                    "issue_client_certificate": false
                  }
                ],
                "client_key": "",
                "cluster_ca_certificate": "LS0tLS1CRUdJTiBDRVJUSUZJQ0FURS0tLS0tCk1JSUVMRENDQXBTZ0F3SUJBZ0lRWTFtdnJXdmZRRGYranJKQ292OUZnREFOQmdrcWhraUc5dzBCQVFzRkFEQXYKTVMwd0t3WURWUVFERXlReVpqZzRNelZpTmkwNE9Ua3lMVFF6TldFdFlqQXlaUzB3WmpNM09EZzJNalE0TVdRdwpJQmNOTWpZd05URTRNRGswTkRRNFdoZ1BNakExTmpBMU1UQXhNRFEwTkRoYU1DOHhMVEFyQmdOVkJBTVRKREptCk9EZ3pOV0kyTFRnNU9USXRORE0xWVMxaU1ESmxMVEJtTXpjNE9EWXlORGd4WkRDQ0FhSXdEUVlKS29aSWh2Y04KQVFFQkJRQURnZ0dQQURDQ0FZb0NnZ0dCQUtFd2YxZStUNm9JcVFHM1lsS3A0RzlXN2NGSjR2VVNYVHBwRnZIYgpxN2cvNFZxY0xRbFdKQkhaUVBMZGlTL0pRRkxYdVpKcExHOVR6VmVCK1hsRGhlRW1xZ0tLZTh6TldVWTR3MjUxCjk0Zk9mVDJza1JUc0thbENTMGpHdHNOTTE2clM5RUVjZ1RXVC9Xb3NOcjJPMmd1RDNZTDVNZ0xvN3pNaFVGYzYKRjZxSVJ5eDF6bWwrczFzMUtFeVBwdUR2UHhCVEdPTlN6TGNwL2p6cFJtT2dRMzZNeW5tOFBuSlJEWGxQVytheQpreUZVQ0VGSE1nMTFpY3pKdk1iZFk2cmVpNTZ1SkRQT2ZDYUk1eTBEalNXWmFYZWxmYVBIbFMrYkFwUm9iWkZwCmtWMHZWdnVQYU1VKy90aHFobnl4cW1pVmRKSFBFQmtLRUh6cUpvMzBPaVNkcnNPVmZkZlFDZVZpenlIWGRBeWsKZUdkSlhMNyszK3J0bEw3RXpUVWJkMlZIaldTSXl4U0ZLVFdlbk95N0hSUWdvaTltQ0VyeDNrTFR0Y1U3bUpSNwozOVpwM2o3bGw0U0JHeUFHMUZGSWFWUktDUmk2U0YvQUoyUGt3YXJUSGtpTDlGOHlrbVduQ2J2NGorMy9RZnVmCmZKWjlPWElxK2syMGNXQkl1Q3poalNXMjF3SURBUUFCbzBJd1FEQU9CZ05WSFE4QkFmOEVCQU1DQWdRd0R3WUQKVlIwVEFRSC9CQVV3QXdFQi96QWRCZ05WSFE0RUZnUVVJRHlLRzJpYm95QkJQZ2lMRk92NlNpa1RpcDB3RFFZSgpLb1pJaHZjTkFRRUxCUUFEZ2dHQkFJVy9JakdtMWxvcFFuYTR5N0I0UEVjK1o0dVhOQ3VyNjROYXZvbWtUVEJVClI2Q1Y3Q3pmenRHVkxpS0xONUNWWFl1WU5QMUJGSXhRMHN4UmozR3BYc0dtYlJKZ3lkakpMb1I1dmZQTUF5YkIKV2srVjZwVGJ5UlJCQXE0cU1oZWQxRjd6enpPTXpGd24rZ0wvMU5YSTA0ZjA3M1RVYWRXTUFYRUlZNlNXdmo4bQpUNnJiQzhwbnFaNWg1WTMwalBHMWlncGhubFJwSENHUXYyamJXb2IvQmc5anVzV0VDVVp3MGhZZE5YanFBVEJLClpJYzFSNFVTaWJTOFF0TWlwOXhWL05NUlprT2RXQ3lJZEFsQUg3UXJXMzg4K2x2MUdzcmd4VlpnbmxORFV0SkgKNHkxZHI5WFFwSEcrZm1HbWEyV2U4VHRwdVNCbWMwR3BEaTBySTVsclM3bjY4L1RnTWJhTXRVMkhkcmpIZGkxMwoxdUIrbmdmczFVNlZwNGZSMjhzeE5aRnRoQ010dWdkaG55N25UTkFta0I0S255L3hGZFFhMGpHalhmUmZCbVJuCkd3STVmVWk5dHhCVjY1WlRWcmxkNS9HYUN4RmZUdTE0RXk0OVRBb3d6K3FDelBibFBXRUpFanJVb0NwalQ5RmYKUDA3blR4aWdONjM1NDNRK3dBeUNidz09Ci0tLS0tRU5EIENFUlRJRklDQVRFLS0tLS0K"
              }
            ],
            "master_authorized_networks_config": [],
            "master_version": "1.35.3-gke.1389000",
            "mesh_certificates": [],
            "min_master_version": null,
            "monitoring_config": [
              {
                "advanced_datapath_observability_config": [
                  {
                    "enable_metrics": false,
                    "enable_relay": false,
                    "relay_mode": "DISABLED"
                  }
                ],
                "enable_components": [
                  "SYSTEM_COMPONENTS",
                  "STORAGE",
                  "HPA",
                  "POD",
                  "DAEMONSET",
                  "DEPLOYMENT",
                  "STATEFULSET",
                  "CADVISOR",
                  "KUBELET",
                  "DCGM",
                  "JOBSET"
                ],
                "managed_prometheus": [
                  {
                    "enabled": true
                  }
                ]
              }
            ],
            "monitoring_service": "monitoring.googleapis.com/kubernetes",
            "name": "devops-gke-cluster",
            "network": "projects/project-bc7a0df3-c037-4d41-86a/global/networks/default",
            "network_policy": [
              {
                "enabled": false,
                "provider": "PROVIDER_UNSPECIFIED"
              }
            ],
            "networking_mode": "VPC_NATIVE",
            "node_config": [
              {
                "advanced_machine_features": [],
                "boot_disk_kms_key": "",
                "confidential_nodes": [],
                "containerd_config": [],
                "disk_size_gb": 100,
                "disk_type": "pd-balanced",
                "effective_taints": [],
                "enable_confidential_storage": false,
                "ephemeral_storage_local_ssd_config": [],
                "fast_socket": [],
                "gcfs_config": [],
                "guest_accelerator": [],
                "gvnic": [],
                "host_maintenance_policy": [],
                "image_type": "COS_CONTAINERD",
                "kubelet_config": [
                  {
                    "cpu_cfs_quota": false,
                    "cpu_cfs_quota_period": "",
                    "cpu_manager_policy": "",
                    "insecure_kubelet_readonly_port_enabled": "FALSE",
                    "pod_pids_limit": 0
                  }
                ],
                "labels": {},
                "linux_node_config": [],
                "local_nvme_ssd_block_config": [],
                "local_ssd_count": 0,
                "logging_variant": "DEFAULT",
                "machine_type": "e2-medium",
                "metadata": {
                  "disable-legacy-endpoints": "true"
                },
                "min_cpu_platform": "",
                "node_group": "",
                "oauth_scopes": [
                  "https://www.googleapis.com/auth/devstorage.read_only",
                  "https://www.googleapis.com/auth/logging.write",
                  "https://www.googleapis.com/auth/monitoring",
                  "https://www.googleapis.com/auth/service.management.readonly",
                  "https://www.googleapis.com/auth/servicecontrol",
                  "https://www.googleapis.com/auth/trace.append"
                ],
                "preemptible": false,
                "reservation_affinity": [],
                "resource_labels": {
                  "goog-gke-node-pool-provisioning-model": "on-demand"
                },
                "resource_manager_tags": {},
                "secondary_boot_disks": [],
                "service_account": "default",
                "shielded_instance_config": [
                  {
                    "enable_integrity_monitoring": true,
                    "enable_secure_boot": false
                  }
                ],
                "sole_tenant_config": [],
                "spot": false,
                "tags": [],
                "taint": [],
                "workload_metadata_config": []
              }
            ],
            "node_locations": [
              "asia-south1-a",
              "asia-south1-b",
              "asia-south1-c"
            ],
            "node_pool": [
              {
                "autoscaling": [],
                "initial_node_count": 1,
                "instance_group_urls": [
                  "https://www.googleapis.com/compute/v1/projects/project-bc7a0df3-c037-4d41-86a/zones/asia-south1-c/instanceGroupManagers/gke-devops-gke-cluster-default-pool-80906baf-grp",
                  "https://www.googleapis.com/compute/v1/projects/project-bc7a0df3-c037-4d41-86a/zones/asia-south1-a/instanceGroupManagers/gke-devops-gke-cluster-default-pool-b26a107a-grp",
                  "https://www.googleapis.com/compute/v1/projects/project-bc7a0df3-c037-4d41-86a/zones/asia-south1-b/instanceGroupManagers/gke-devops-gke-cluster-default-pool-2548124f-grp"
                ],
                "managed_instance_group_urls": [
                  "https://www.googleapis.com/compute/v1/projects/project-bc7a0df3-c037-4d41-86a/zones/asia-south1-c/instanceGroups/gke-devops-gke-cluster-default-pool-80906baf-grp",
                  "https://www.googleapis.com/compute/v1/projects/project-bc7a0df3-c037-4d41-86a/zones/asia-south1-a/instanceGroups/gke-devops-gke-cluster-default-pool-b26a107a-grp",
                  "https://www.googleapis.com/compute/v1/projects/project-bc7a0df3-c037-4d41-86a/zones/asia-south1-b/instanceGroups/gke-devops-gke-cluster-default-pool-2548124f-grp"
                ],
                "management": [
                  {
                    "auto_repair": true,
                    "auto_upgrade": true
                  }
                ],
                "max_pods_per_node": 110,
                "name": "default-pool",
                "name_prefix": "",
                "network_config": [
                  {
                    "additional_node_network_configs": [],
                    "additional_pod_network_configs": [],
                    "create_pod_range": false,
                    "enable_private_nodes": false,
                    "network_performance_config": [],
                    "pod_cidr_overprovision_config": [],
                    "pod_ipv4_cidr_block": "10.20.0.0/14",
                    "pod_range": "gke-devops-gke-cluster-pods-44fabc9a"
                  }
                ],
                "node_config": [
                  {
                    "advanced_machine_features": [],
                    "boot_disk_kms_key": "",
                    "confidential_nodes": [],
                    "containerd_config": [],
                    "disk_size_gb": 100,
                    "disk_type": "pd-balanced",
                    "effective_taints": [],
                    "enable_confidential_storage": false,
                    "ephemeral_storage_local_ssd_config": [],
                    "fast_socket": [],
                    "gcfs_config": [],
                    "guest_accelerator": [],
                    "gvnic": [],
                    "host_maintenance_policy": [],
                    "image_type": "COS_CONTAINERD",
                    "kubelet_config": [
                      {
                        "cpu_cfs_quota": false,
                        "cpu_cfs_quota_period": "",
                        "cpu_manager_policy": "",
                        "insecure_kubelet_readonly_port_enabled": "FALSE",
                        "pod_pids_limit": 0
                      }
                    ],
                    "labels": {},
                    "linux_node_config": [],
                    "local_nvme_ssd_block_config": [],
                    "local_ssd_count": 0,
                    "logging_variant": "DEFAULT",
                    "machine_type": "e2-medium",
                    "metadata": {
                      "disable-legacy-endpoints": "true"
                    },
                    "min_cpu_platform": "",
                    "node_group": "",
                    "oauth_scopes": [
                      "https://www.googleapis.com/auth/devstorage.read_only",
                      "https://www.googleapis.com/auth/logging.write",
                      "https://www.googleapis.com/auth/monitoring",
                      "https://www.googleapis.com/auth/service.management.readonly",
                      "https://www.googleapis.com/auth/servicecontrol",
                      "https://www.googleapis.com/auth/trace.append"
                    ],
                    "preemptible": false,
                    "reservation_affinity": [],
                    "resource_labels": {
                      "goog-gke-node-pool-provisioning-model": "on-demand"
                    },
                    "resource_manager_tags": {},
                    "secondary_boot_disks": [],
                    "service_account": "default",
                    "shielded_instance_config": [
                      {
                        "enable_integrity_monitoring": true,
                        "enable_secure_boot": false
                      }
                    ],
                    "sole_tenant_config": [],
                    "spot": false,
                    "tags": [],
                    "taint": [],
                    "workload_metadata_config": []
                  }
                ],
                "node_count": 1,
                "node_locations": [
                  "asia-south1-a",
                  "asia-south1-b",
                  "asia-south1-c"
                ],
                "placement_policy": [],
                "queued_provisioning": [],
                "upgrade_settings": [
                  {
                    "blue_green_settings": [],
                    "max_surge": 1,
                    "max_unavailable": 0,
                    "strategy": "SURGE"
                  }
                ],
                "version": "1.35.3-gke.1389000"
              }
            ],
            "node_pool_auto_config": [
              {
                "network_tags": [],
                "node_kubelet_config": [
                  {
                    "insecure_kubelet_readonly_port_enabled": "FALSE"
                  }
                ],
                "resource_manager_tags": {}
              }
            ],
            "node_pool_defaults": [
              {
                "node_config_defaults": [
                  {
                    "containerd_config": [],
                    "insecure_kubelet_readonly_port_enabled": "FALSE",
                    "logging_variant": "DEFAULT"
                  }
                ]
              }
            ],
            "node_version": "1.35.3-gke.1389000",
            "notification_config": [
              {
                "pubsub": [
                  {
                    "enabled": false,
                    "filter": [],
                    "topic": ""
                  }
                ]
              }
            ],
            "operation": null,
            "private_cluster_config": [
              {
                "enable_private_endpoint": false,
                "enable_private_nodes": false,
                "master_global_access_config": [
                  {
                    "enabled": false
                  }
                ],
                "master_ipv4_cidr_block": "",
                "peering_name": "",
                "private_endpoint": "10.160.0.2",
                "private_endpoint_subnetwork": "",
                "public_endpoint": "34.14.142.218"
              }
            ],
            "private_ipv6_google_access": "",
            "project": "project-bc7a0df3-c037-4d41-86a",
            "release_channel": [
              {
                "channel": "REGULAR"
              }
            ],
            "remove_default_node_pool": true,
            "resource_labels": {},
            "resource_usage_export_config": [],
            "security_posture_config": [
              {
                "mode": "BASIC",
                "vulnerability_mode": "VULNERABILITY_MODE_UNSPECIFIED"
              }
            ],
            "self_link": "https://container.googleapis.com/v1/projects/project-bc7a0df3-c037-4d41-86a/locations/asia-south1/clusters/devops-gke-cluster",
            "service_external_ips_config": [
              {
                "enabled": false
              }
            ],
            "services_ipv4_cidr": "34.118.224.0/20",
            "subnetwork": "projects/project-bc7a0df3-c037-4d41-86a/regions/asia-south1/subnetworks/default",
            "timeouts": null,
            "tpu_ipv4_cidr_block": "",
            "vertical_pod_autoscaling": [],
            "workload_identity_config": []
          },
          "sensitive_attributes": [],
          "private": "eyJlMmJmYjczMC1lY2FhLTExZTYtOGY4OC0zNDM2M2JjN2M0YzAiOnsiY3JlYXRlIjoyNDAwMDAwMDAwMDAwLCJkZWxldGUiOjI0MDAwMDAwMDAwMDAsInJlYWQiOjI0MDAwMDAwMDAwMDAsInVwZGF0ZSI6MzYwMDAwMDAwMDAwMH0sInNjaGVtYV92ZXJzaW9uIjoiMiJ9"
        }
      ]
    },
    {
      "mode": "managed",
      "type": "google_container_node_pool",
      "name": "primary_nodes",
      "provider": "provider[\"registry.terraform.io/hashicorp/google\"]",
      "instances": []
    }
  ],
  "check_results": null
}
